// !$*UTF8*$!
{
	archiveVersion = 1;
	classes = {
	};
	objectVersion = 46;
	objects = {

/* Begin PBXBuildFile section */
		F477FC411D5478E500153C77 /* main.m in Sources */ = {isa = PBXBuildFile; fileRef = F477FC401D5478E500153C77 /* main.m */; };
		F477FC441D5478E500153C77 /* AppDelegate.m in Sources */ = {isa = PBXBuildFile; fileRef = F477FC431D5478E500153C77 /* AppDelegate.m */; };
		F477FC471D5478E500153C77 /* ViewController.m in Sources */ = {isa = PBXBuildFile; fileRef = F477FC461D5478E500153C77 /* ViewController.m */; };
		F477FC4A1D5478E500153C77 /* Main.storyboard in Resources */ = {isa = PBXBuildFile; fileRef = F477FC481D5478E500153C77 /* Main.storyboard */; };
		F477FC4C1D5478E500153C77 /* Assets.xcassets in Resources */ = {isa = PBXBuildFile; fileRef = F477FC4B1D5478E500153C77 /* Assets.xcassets */; };
		F477FC4F1D5478E500153C77 /* LaunchScreen.storyboard in Resources */ = {isa = PBXBuildFile; fileRef = F477FC4D1D5478E500153C77 /* LaunchScreen.storyboard */; };
		F477FC5A1D5478E500153C77 /* BezierPathTests.m in Sources */ = {isa = PBXBuildFile; fileRef = F477FC591D5478E500153C77 /* BezierPathTests.m */; };
		F477FC651D5478E500153C77 /* BezierPathUITests.m in Sources */ = {isa = PBXBuildFile; fileRef = F477FC641D5478E500153C77 /* BezierPathUITests.m */; };
/* End PBXBuildFile section */

/* Begin PBXContainerItemProxy section */
		F477FC561D5478E500153C77 /* PBXContainerItemProxy */ = {
			isa = PBXContainerItemProxy;
			containerPortal = F477FC341D5478E400153C77 /* Project object */;
			proxyType = 1;
			remoteGlobalIDString = F477FC3B1D5478E500153C77;
			remoteInfo = BezierPath;
		};
		F477FC611D5478E500153C77 /* PBXContainerItemProxy */ = {
			isa = PBXContainerItemProxy;
			containerPortal = F477FC341D5478E400153C77 /* Project object */;
			proxyType = 1;
			remoteGlobalIDString = F477FC3B1D5478E500153C77;
			remoteInfo = BezierPath;
		};
/* End PBXContainerItemProxy section */

/* Begin PBXFileReference section */
		F477FC3C1D5478E500153C77 /* BezierPath.app */ = {isa = PBXFileReference; explicitFileType = wrapper.application; includeInIndex = 0; path = BezierPath.app; sourceTree = BUILT_PRODUCTS_DIR; };
		F477FC401D5478E500153C77 /* main.m */ = {isa = PBXFileReference; lastKnownFileType = sourcecode.c.objc; path = main.m; sourceTree = "<group>"; };
		F477FC421D5478E500153C77 /* AppDelegate.h */ = {isa = PBXFileReference; lastKnownFileType = sourcecode.c.h; path = AppDelegate.h; sourceTree = "<group>"; };
		F477FC431D5478E500153C77 /* AppDelegate.m */ = {isa = PBXFileReference; lastKnownFileType = sourcecode.c.objc; path = AppDelegate.m; sourceTree = "<group>"; };
		F477FC451D5478E500153C77 /* ViewController.h */ = {isa = PBXFileReference; lastKnownFileType = sourcecode.c.h; path = ViewController.h; sourceTree = "<group>"; };
		F477FC461D5478E500153C77 /* ViewController.m */ = {isa = PBXFileReference; lastKnownFileType = sourcecode.c.objc; path = ViewController.m; sourceTree = "<group>"; };
		F477FC491D5478E500153C77 /* Base */ = {isa = PBXFileReference; lastKnownFileType = file.storyboard; name = Base; path = Base.lproj/Main.storyboard; sourceTree = "<group>"; };
		F477FC4B1D5478E500153C77 /* Assets.xcassets */ = {isa = PBXFileReference; lastKnownFileType = folder.assetcatalog; path = Assets.xcassets; sourceTree = "<group>"; };
		F477FC4E1D5478E500153C77 /* Base */ = {isa = PBXFileReference; lastKnownFileType = file.storyboard; name = Base; path = Base.lproj/LaunchScreen.storyboard; sourceTree = "<group>"; };
		F477FC501D5478E500153C77 /* Info.plist */ = {isa = PBXFileReference; lastKnownFileType = text.plist.xml; path = Info.plist; sourceTree = "<group>"; };
		F477FC551D5478E500153C77 /* BezierPathTests.xctest */ = {isa = PBXFileReference; explicitFileType = wrapper.cfbundle; includeInIndex = 0; path = BezierPathTests.xctest; sourceTree = BUILT_PRODUCTS_DIR; };
		F477FC591D5478E500153C77 /* BezierPathTests.m */ = {isa = PBXFileReference; lastKnownFileType = sourcecode.c.objc; path = BezierPathTests.m; sourceTree = "<group>"; };
		F477FC5B1D5478E500153C77 /* Info.plist */ = {isa = PBXFileReference; lastKnownFileType = text.plist.xml; path = Info.plist; sourceTree = "<group>"; };
		F477FC601D5478E500153C77 /* BezierPathUITests.xctest */ = {isa = PBXFileReference; explicitFileType = wrapper.cfbundle; includeInIndex = 0; path = BezierPathUITests.xctest; sourceTree = BUILT_PRODUCTS_DIR; };
		F477FC641D5478E500153C77 /* BezierPathUITests.m */ = {isa = PBXFileReference; lastKnownFileType = sourcecode.c.objc; path = BezierPathUITests.m; sourceTree = "<group>"; };
		F477FC661D5478E500153C77 /* Info.plist */ = {isa = PBXFileReference; lastKnownFileType = text.plist.xml; path = Info.plist; sourceTree = "<group>"; };
/* End PBXFileReference section */

/* Begin PBXFrameworksBuildPhase section */
		F477FC391D5478E500153C77 /* Frameworks */ = {
			isa = PBXFrameworksBuildPhase;
			buildActionMask = 2147483647;
			files = (
			);
			runOnlyForDeploymentPostprocessing = 0;
		};
		F477FC521D5478E500153C77 /* Frameworks */ = {
			isa = PBXFrameworksBuildPhase;
			buildActionMask = 2147483647;
			files = (
			);
			runOnlyForDeploymentPostprocessing = 0;
		};
		F477FC5D1D5478E500153C77 /* Frameworks */ = {
			isa = PBXFrameworksBuildPhase;
			buildActionMask = 2147483647;
			files = (
			);
			runOnlyForDeploymentPostprocessing = 0;
		};
/* End PBXFrameworksBuildPhase section */

/* Begin PBXGroup section */
		F477FC331D5478E400153C77 = {
			isa = PBXGroup;
			children = (
				F477FC3E1D5478E500153C77 /* BezierPath */,
				F477FC581D5478E500153C77 /* BezierPathTests */,
				F477FC631D5478E500153C77 /* BezierPathUITests */,
				F477FC3D1D5478E500153C77 /* Products */,
			);
			sourceTree = "<group>";
		};
		F477FC3D1D5478E500153C77 /* Products */ = {
			isa = PBXGroup;
			children = (
				F477FC3C1D5478E500153C77 /* BezierPath.app */,
				F477FC551D5478E500153C77 /* BezierPathTests.xctest */,
				F477FC601D5478E500153C77 /* BezierPathUITests.xctest */,
			);
			name = Products;
			sourceTree = "<group>";
		};
		F477FC3E1D5478E500153C77 /* BezierPath */ = {
			isa = PBXGroup;
			children = (
				F477FC421D5478E500153C77 /* AppDelegate.h */,
				F477FC431D5478E500153C77 /* AppDelegate.m */,
				F477FC451D5478E500153C77 /* ViewController.h */,
				F477FC461D5478E500153C77 /* ViewController.m */,
				F477FC481D5478E500153C77 /* Main.storyboard */,
				F477FC4B1D5478E500153C77 /* Assets.xcassets */,
				F477FC4D1D5478E500153C77 /* LaunchScreen.storyboard */,
				F477FC501D5478E500153C77 /* Info.plist */,
				F477FC3F1D5478E500153C77 /* Supporting Files */,
			);
			path = BezierPath;
			sourceTree = "<group>";
		};
		F477FC3F1D5478E500153C77 /* Supporting Files */ = {
			isa = PBXGroup;
			children = (
				F477FC401D5478E500153C77 /* main.m */,
			);
			name = "Supporting Files";
			sourceTree = "<group>";
		};
		F477FC581D5478E500153C77 /* BezierPathTests */ = {
			isa = PBXGroup;
			children = (
				F477FC591D5478E500153C77 /* BezierPathTests.m */,
				F477FC5B1D5478E500153C77 /* Info.plist */,
			);
			path = BezierPathTests;
			sourceTree = "<group>";
		};
		F477FC631D5478E500153C77 /* BezierPathUITests */ = {
			isa = PBXGroup;
			children = (
				F477FC641D5478E500153C77 /* BezierPathUITests.m */,
				F477FC661D5478E500153C77 /* Info.plist */,
			);
			path = BezierPathUITests;
			sourceTree = "<group>";
		};
/* End PBXGroup section */

/* Begin PBXNativeTarget section */
		F477FC3B1D5478E500153C77 /* BezierPath */ = {
			isa = PBXNativeTarget;
			buildConfigurationList = F477FC691D5478E500153C77 /* Build configuration list for PBXNativeTarget "BezierPath" */;
			buildPhases = (
				F477FC381D5478E500153C77 /* Sources */,
				F477FC391D5478E500153C77 /* Frameworks */,
				F477FC3A1D5478E500153C77 /* Resources */,
			);
			buildRules = (
			);
			dependencies = (
			);
			name = BezierPath;
			productName = BezierPath;
			productReference = F477FC3C1D5478E500153C77 /* BezierPath.app */;
			productType = "com.apple.product-type.application";
		};
		F477FC541D5478E500153C77 /* BezierPathTests */ = {
			isa = PBXNativeTarget;
			buildConfigurationList = F477FC6C1D5478E500153C77 /* Build configuration list for PBXNativeTarget "BezierPathTests" */;
			buildPhases = (
				F477FC511D5478E500153C77 /* Sources */,
				F477FC521D5478E500153C77 /* Frameworks */,
				F477FC531D5478E500153C77 /* Resources */,
			);
			buildRules = (
			);
			dependencies = (
				F477FC571D5478E500153C77 /* PBXTargetDependency */,
			);
			name = BezierPathTests;
			productName = BezierPathTests;
			productReference = F477FC551D5478E500153C77 /* BezierPathTests.xctest */;
			productType = "com.apple.product-type.bundle.unit-test";
		};
		F477FC5F1D5478E500153C77 /* BezierPathUITests */ = {
			isa = PBXNativeTarget;
			buildConfigurationList = F477FC6F1D5478E500153C77 /* Build configuration list for PBXNativeTarget "BezierPathUITests" */;
			buildPhases = (
				F477FC5C1D5478E500153C77 /* Sources */,
				F477FC5D1D5478E500153C77 /* Frameworks */,
				F477FC5E1D5478E500153C77 /* Resources */,
			);
			buildRules = (
			);
			dependencies = (
				F477FC621D5478E500153C77 /* PBXTargetDependency */,
			);
			name = BezierPathUITests;
			productName = BezierPathUITests;
			productReference = F477FC601D5478E500153C77 /* BezierPathUITests.xctest */;
			productType = "com.apple.product-type.bundle.ui-testing";
		};
/* End PBXNativeTarget section */

/* Begin PBXProject section */
		F477FC341D5478E400153C77 /* Project object */ = {
			isa = PBXProject;
			attributes = {
				LastUpgradeCheck = 0730;
				ORGANIZATIONNAME = ym;
				TargetAttributes = {
					F477FC3B1D5478E500153C77 = {
						CreatedOnToolsVersion = 7.3;
						DevelopmentTeam = RTD3HSDBTM;
					};
					F477FC541D5478E500153C77 = {
						CreatedOnToolsVersion = 7.3;
						DevelopmentTeam = RTD3HSDBTM;
						TestTargetID = F477FC3B1D5478E500153C77;
					};
					F477FC5F1D5478E500153C77 = {
						CreatedOnToolsVersion = 7.3;
						DevelopmentTeam = RTD3HSDBTM;
						TestTargetID = F477FC3B1D5478E500153C77;
					};
				};
			};
			buildConfigurationList = F477FC371D5478E400153C77 /* Build configuration list for PBXProject "BezierPath" */;
			compatibilityVersion = "Xcode 3.2";
			developmentRegion = English;
			hasScannedForEncodings = 0;
			knownRegions = (
				en,
				Base,
			);
			mainGroup = F477FC331D5478E400153C77;
			productRefGroup = F477FC3D1D5478E500153C77 /* Products */;
			projectDirPath = "";
			projectRoot = "";
			targets = (
				F477FC3B1D5478E500153C77 /* BezierPath */,
				F477FC541D5478E500153C77 /* BezierPathTests */,
				F477FC5F1D5478E500153C77 /* BezierPathUITests */,
			);
		};
/* End PBXProject section */

/* Begin PBXResourcesBuildPhase section */
		F477FC3A1D5478E500153C77 /* Resources */ = {
			isa = PBXResourcesBuildPhase;
			buildActionMask = 2147483647;
			files = (
				F477FC4F1D5478E500153C77 /* LaunchScreen.storyboard in Resources */,
				F477FC4C1D5478E500153C77 /* Assets.xcassets in Resources */,
				F477FC4A1D5478E500153C77 /* Main.storyboard in Resources */,
			);
			runOnlyForDeploymentPostprocessing = 0;
		};
		F477FC531D5478E500153C77 /* Resources */ = {
			isa = PBXResourcesBuildPhase;
			buildActionMask = 2147483647;
			files = (
			);
			runOnlyForDeploymentPostprocessing = 0;
		};
		F477FC5E1D5478E500153C77 /* Resources */ = {
			isa = PBXResourcesBuildPhase;
			buildActionMask = 2147483647;
			files = (
			);
			runOnlyForDeploymentPostprocessing = 0;
		};
/* End PBXResourcesBuildPhase section */

/* Begin PBXSourcesBuildPhase section */
		F477FC381D5478E500153C77 /* Sources */ = {
			isa = PBXSourcesBuildPhase;
			buildActionMask = 2147483647;
			files = (
				F477FC471D5478E500153C77 /* ViewController.m in Sources */,
				F477FC441D5478E500153C77 /* AppDelegate.m in Sources */,
				F477FC411D5478E500153C77 /* main.m in Sources */,
			);
			runOnlyForDeploymentPostprocessing = 0;
		};
		F477FC511D5478E500153C77 /* Sources */ = {
			isa = PBXSourcesBuildPhase;
			buildActionMask = 2147483647;
			files = (
				F477FC5A1D5478E500153C77 /* BezierPathTests.m in Sources */,
			);
			runOnlyForDeploymentPostprocessing = 0;
		};
		F477FC5C1D5478E500153C77 /* Sources */ = {
			isa = PBXSourcesBuildPhase;
			buildActionMask = 2147483647;
			files = (
				F477FC651D5478E500153C77 /* BezierPathUITests.m in Sources */,
			);
			runOnlyForDeploymentPostprocessing = 0;
		};
/* End PBXSourcesBuildPhase section */

/* Begin PBXTargetDependency section */
		F477FC571D5478E500153C77 /* PBXTargetDependency */ = {
			isa = PBXTargetDependency;
			target = F477FC3B1D5478E500153C77 /* BezierPath */;
			targetProxy = F477FC561D5478E500153C77 /* PBXContainerItemProxy */;
		};
		F477FC621D5478E500153C77 /* PBXTargetDependency */ = {
			isa = PBXTargetDependency;
			target = F477FC3B1D5478E500153C77 /* BezierPath */;
			targetProxy = F477FC611D5478E500153C77 /* PBXContainerItemProxy */;
		};
/* End PBXTargetDependency section */

/* Begin PBXVariantGroup section */
		F477FC481D5478E500153C77 /* Main.storyboard */ = {
			isa = PBXVariantGroup;
			children = (
				F477FC491D5478E500153C77 /* Base */,
			);
			name = Main.storyboard;
			sourceTree = "<group>";
		};
		F477FC4D1D5478E500153C77 /* LaunchScreen.storyboard */ = {
			isa = PBXVariantGroup;
			children = (
				F477FC4E1D5478E500153C77 /* Base */,
			);
			name = LaunchScreen.storyboard;
			sourceTree = "<group>";
		};
/* End PBXVariantGroup section */

/* Begin XCBuildConfiguration section */
		F477FC671D5478E500153C77 /* Debug */ = {
			isa = XCBuildConfiguration;
			buildSettings = {
				ALWAYS_SEARCH_USER_PATHS = NO;
				CLANG_ANALYZER_NONNULL = YES;
				CLANG_CXX_LANGUAGE_STANDARD = "gnu++0x";
				CLANG_CXX_LIBRARY = "libc++";
				CLANG_ENABLE_MODULES = YES;
				CLANG_ENABLE_OBJC_ARC = YES;
				CLANG_WARN_BOOL_CONVERSION = YES;
				CLANG_WARN_CONSTANT_CONVERSION = YES;
				CLANG_WARN_DIRECT_OBJC_ISA_USAGE = YES_ERROR;
				CLANG_WARN_EMPTY_BODY = YES;
				CLANG_WARN_ENUM_CONVERSION = YES;
				CLANG_WARN_INT_CONVERSION = YES;
				CLANG_WARN_OBJC_ROOT_CLASS = YES_ERROR;
				CLANG_WARN_UNREACHABLE_CODE = YES;
				CLANG_WARN__DUPLICATE_METHOD_MATCH = YES;
				"CODE_SIGN_IDENTITY[sdk=iphoneos*]" = "iPhone Developer";
				COPY_PHASE_STRIP = NO;
				DEBUG_INFORMATION_FORMAT = dwarf;
				ENABLE_STRICT_OBJC_MSGSEND = YES;
				ENABLE_TESTABILITY = YES;
				GCC_C_LANGUAGE_STANDARD = gnu99;
				GCC_DYNAMIC_NO_PIC = NO;
				GCC_NO_COMMON_BLOCKS = YES;
				GCC_OPTIMIZATION_LEVEL = 0;
				GCC_PREPROCESSOR_DEFINITIONS = (
					"DEBUG=1",
					"$(inherited)",
				);
				GCC_WARN_64_TO_32_BIT_CONVERSION = YES;
				GCC_WARN_ABOUT_RETURN_TYPE = YES_ERROR;
				GCC_WARN_UNDECLARED_SELECTOR = YES;
				GCC_WARN_UNINITIALIZED_AUTOS = YES_AGGRESSIVE;
				GCC_WARN_UNUSED_FUNCTION = YES;
				GCC_WARN_UNUSED_VARIABLE = YES;
				IPHONEOS_DEPLOYMENT_TARGET = 9.3;
				MTL_ENABLE_DEBUG_INFO = YES;
				ONLY_ACTIVE_ARCH = YES;
				SDKROOT = iphoneos;
			};
			name = Debug;
		};
		F477FC681D5478E500153C77 /* Release */ = {
			isa = XCBuildConfiguration;
			buildSettings = {
				ALWAYS_SEARCH_USER_PATHS = NO;
				CLANG_ANALYZER_NONNULL = YES;
				CLANG_CXX_LANGUAGE_STANDARD = "gnu++0x";
				CLANG_CXX_LIBRARY = "libc++";
				CLANG_ENABLE_MODULES = YES;
				CLANG_ENABLE_OBJC_ARC = YES;
				CLANG_WARN_BOOL_CONVERSION = YES;
				CLANG_WARN_CONSTANT_CONVERSION = YES;
				CLANG_WARN_DIRECT_OBJC_ISA_USAGE = YES_ERROR;
				CLANG_WARN_EMPTY_BODY = YES;
				CLANG_WARN_ENUM_CONVERSION = YES;
				CLANG_WARN_INT_CONVERSION = YES;
				CLANG_WARN_OBJC_ROOT_CLASS = YES_ERROR;
				CLANG_WARN_UNREACHABLE_CODE = YES;
				CLANG_WARN__DUPLICATE_METHOD_MATCH = YES;
				"CODE_SIGN_IDENTITY[sdk=iphoneos*]" = "iPhone Developer";
				COPY_PHASE_STRIP = NO;
				DEBUG_INFORMATION_FORMAT = "dwarf-with-dsym";
				ENABLE_NS_ASSERTIONS = NO;
				ENABLE_STRICT_OBJC_MSGSEND = YES;
				GCC_C_LANGUAGE_STANDARD = gnu99;
				GCC_NO_COMMON_BLOCKS = YES;
				GCC_WARN_64_TO_32_BIT_CONVERSION = YES;
				GCC_WARN_ABOUT_RETURN_TYPE = YES_ERROR;
				GCC_WARN_UNDECLARED_SELECTOR = YES;
				GCC_WARN_UNINITIALIZED_AUTOS = YES_AGGRESSIVE;
				GCC_WARN_UNUSED_FUNCTION = YES;
				GCC_WARN_UNUSED_VARIABLE = YES;
				IPHONEOS_DEPLOYMENT_TARGET = 9.3;
				MTL_ENABLE_DEBUG_INFO = NO;
				SDKROOT = iphoneos;
				VALIDATE_PRODUCT = YES;
			};
			name = Release;
		};
		F477FC6A1D5478E500153C77 /* Debug */ = {
			isa = XCBuildConfiguration;
			buildSettings = {
				ASSETCATALOG_COMPILER_APPICON_NAME = AppIcon;
				INFOPLIST_FILE = BezierPath/Info.plist;
				LD_RUNPATH_SEARCH_PATHS = "$(inherited) @executable_path/Frameworks";
				PRODUCT_BUNDLE_IDENTIFIER = com.shumei.BezierPath;
				PRODUCT_NAME = "$(TARGET_NAME)";
			};
			name = Debug;
		};
		F477FC6B1D5478E500153C77 /* Release */ = {
			isa = XCBuildConfiguration;
			buildSettings = {
				ASSETCATALOG_COMPILER_APPICON_NAME = AppIcon;
				INFOPLIST_FILE = BezierPath/Info.plist;
				LD_RUNPATH_SEARCH_PATHS = "$(inherited) @executable_path/Frameworks";
				PRODUCT_BUNDLE_IDENTIFIER = com.shumei.BezierPath;
				PRODUCT_NAME = "$(TARGET_NAME)";
			};
			name = Release;
		};
		F477FC6D1D5478E500153C77 /* Debug */ = {
			isa = XCBuildConfiguration;
			buildSettings = {
				BUNDLE_LOADER = "$(TEST_HOST)";
				INFOPLIST_FILE = BezierPathTests/Info.plist;
				LD_RUNPATH_SEARCH_PATHS = "$(inherited) @executable_path/Frameworks @loader_path/Frameworks";
				PRODUCT_BUNDLE_IDENTIFIER = com.shumei.BezierPathTests;
				PRODUCT_NAME = "$(TARGET_NAME)";
				TEST_HOST = "$(BUILT_PRODUCTS_DIR)/BezierPath.app/BezierPath";
			};
			name = Debug;
		};
		F477FC6E1D5478E500153C77 /* Release */ = {
			isa = XCBuildConfiguration;
			buildSettings = {
				BUNDLE_LOADER = "$(TEST_HOST)";
				INFOPLIST_FILE = BezierPathTests/Info.plist;
				LD_RUNPATH_SEARCH_PATHS = "$(inherited) @executable_path/Frameworks @loader_path/Frameworks";
				PRODUCT_BUNDLE_IDENTIFIER = com.shumei.BezierPathTests;
				PRODUCT_NAME = "$(TARGET_NAME)";
				TEST_HOST = "$(BUILT_PRODUCTS_DIR)/BezierPath.app/BezierPath";
			};
			name = Release;
		};
		F477FC701D5478E500153C77 /* Debug */ = {
			isa = XCBuildConfiguration;
			buildSettings = {
				INFOPLIST_FILE = BezierPathUITests/Info.plist;
				LD_RUNPATH_SEARCH_PATHS = "$(inherited) @executable_path/Frameworks @loader_path/Frameworks";
				PRODUCT_BUNDLE_IDENTIFIER = com.shumei.BezierPathUITests;
				PRODUCT_NAME = "$(TARGET_NAME)";
				TEST_TARGET_NAME = BezierPath;
			};
			name = Debug;
		};
		F477FC711D5478E500153C77 /* Release */ = {
			isa = XCBuildConfiguration;
			buildSettings = {
				INFOPLIST_FILE = BezierPathUITests/Info.plist;
				LD_RUNPATH_SEARCH_PATHS = "$(inherited) @executable_path/Frameworks @loader_path/Frameworks";
				PRODUCT_BUNDLE_IDENTIFIER = com.shumei.BezierPathUITests;
				PRODUCT_NAME = "$(TARGET_NAME)";
				TEST_TARGET_NAME = BezierPath;
			};
			name = Release;
		};
/* End XCBuildConfiguration section */

/* Begin XCConfigurationList section */
		F477FC371D5478E400153C77 /* Build configuration list for PBXProject "BezierPath" */ = {
			isa = XCConfigurationList;
			buildConfigurations = (
				F477FC671D5478E500153C77 /* Debug */,
				F477FC681D5478E500153C77 /* Release */,
			);
			defaultConfigurationIsVisible = 0;
			defaultConfigurationName = Release;
		};
		F477FC691D5478E500153C77 /* Build configuration list for PBXNativeTarget "BezierPath" */ = {
			isa = XCConfigurationList;
			buildConfigurations = (
				F477FC6A1D5478E500153C77 /* Debug */,
				F477FC6B1D5478E500153C77 /* Release */,
			);
			defaultConfigurationIsVisible = 0;
		};
		F477FC6C1D5478E500153C77 /* Build configuration list for PBXNativeTarget "BezierPathTests" */ = {
			isa = XCConfigurationList;
			buildConfigurations = (
				F477FC6D1D5478E500153C77 /* Debug */,
				F477FC6E1D5478E500153C77 /* Release */,
			);
			defaultConfigurationIsVisible = 0;
		};
		F477FC6F1D5478E500153C77 /* Build configuration list for PBXNativeTarget "BezierPathUITests" */ = {
			isa = XCConfigurationList;
			buildConfigurations = (
				F477FC701D5478E500153C77 /* Debug */,
				F477FC711D5478E500153C77 /* Release */,
			);
			defaultConfigurationIsVisible = 0;
		};
/* End XCConfigurationList section */
	};
	rootObject = F477FC341D5478E400153C77 /* Project object */;
}
